Microsoft Visual Studio Solution File, Format Version 12.00
# Visual Studio 15
VisualStudioVersion = 15.0.27130.2003
MinimumVisualStudioVersion = 10.0.40219.1
Project("{FAE04EC0-301F-11D3-BF4B-00C04F79EFBC}") = "ManagersPlugin", "ManagersPlugin\ManagersPlugin.csproj", "{B2338AF2-3DC5-4C37-9AE7-9D4C6DD320CB}"
EndProject
Project("{F2A71F9B-5D33-465A-A702-920D77279786}") = "VersionIncrementor", "VersionIncrementor\VersionIncrementor.fsproj", "{97DA58C2-5506-410A-9B80-63F3C2D9EB40}"
EndProject
Project("{2150E333-8FDC-42A3-9474-1A3956D46DE8}") = "Tools", "Tools", "{348C29A4-D026-4FE1-A15B-149435DB550D}"
EndProject
Project("{FAE04EC0-301F-11D3-BF4B-00C04F79EFBC}") = "Sandbox.Game", "..\Sandbox.Game.csproj", "{8448BFF0-3DE5-84F9-E6BD-ED9BC68050F0}"
EndProject
Project("{FAE04EC0-301F-11D3-BF4B-00C04F79EFBC}") = "Resources", "Resources\Resources.csproj", "{8302B5D5-97C7-4346-8E0C-E39B1D7C559E}"
EndProject
Project("{FAE04EC0-301F-11D3-BF4B-00C04F79EFBC}") = "Logic", "Logic\Logic.csproj", "{E7E492CA-98AB-4451-A4B7-DE16AEF9B759}"
EndProject
Project("{2150E333-8FDC-42A3-9474-1A3956D46DE8}") = "Libs", "Libs", "{D306A07D-67E4-428E-B4ED-30122922DAA7}"
EndProject
Project("{FAE04EC0-301F-11D3-BF4B-00C04F79EFBC}") = "Managers", "Managers\Managers.csproj", "{B104922C-85EA-4B36-98A9-D5D936BB8F2B}"
EndProject
Global
	GlobalSection(SolutionConfigurationPlatforms) = preSolution
		Debug|Any CPU = Debug|Any CPU
		Release|Any CPU = Release|Any CPU
	EndGlobalSection
	GlobalSection(ProjectConfigurationPlatforms) = postSolution
		{B2338AF2-3DC5-4C37-9AE7-9D4C6DD320CB}.Debug|Any CPU.ActiveCfg = Debug|Any CPU
		{B2338AF2-3DC5-4C37-9AE7-9D4C6DD320CB}.Debug|Any CPU.Build.0 = Debug|Any CPU
		{B2338AF2-3DC5-4C37-9AE7-9D4C6DD320CB}.Release|Any CPU.ActiveCfg = Release|Any CPU
		{B2338AF2-3DC5-4C37-9AE7-9D4C6DD320CB}.Release|Any CPU.Build.0 = Release|Any CPU
		{97DA58C2-5506-410A-9B80-63F3C2D9EB40}.Debug|Any CPU.ActiveCfg = Debug|Any CPU
		{97DA58C2-5506-410A-9B80-63F3C2D9EB40}.Debug|Any CPU.Build.0 = Debug|Any CPU
		{97DA58C2-5506-410A-9B80-63F3C2D9EB40}.Release|Any CPU.ActiveCfg = Release|Any CPU
		{97DA58C2-5506-410A-9B80-63F3C2D9EB40}.Release|Any CPU.Build.0 = Release|Any CPU
		{8448BFF0-3DE5-84F9-E6BD-ED9BC68050F0}.Debug|Any CPU.ActiveCfg = Debug|Any CPU
		{8448BFF0-3DE5-84F9-E6BD-ED9BC68050F0}.Debug|Any CPU.Build.0 = Debug|Any CPU
		{8448BFF0-3DE5-84F9-E6BD-ED9BC68050F0}.Release|Any CPU.ActiveCfg = Release|Any CPU
		{8448BFF0-3DE5-84F9-E6BD-ED9BC68050F0}.Release|Any CPU.Build.0 = Release|Any CPU
		{8302B5D5-97C7-4346-8E0C-E39B1D7C559E}.Debug|Any CPU.ActiveCfg = Debug|Any CPU
		{8302B5D5-97C7-4346-8E0C-E39B1D7C559E}.Debug|Any CPU.Build.0 = Debug|Any CPU
		{8302B5D5-97C7-4346-8E0C-E39B1D7C559E}.Release|Any CPU.ActiveCfg = Release|Any CPU
		{8302B5D5-97C7-4346-8E0C-E39B1D7C559E}.Release|Any CPU.Build.0 = Release|Any CPU
		{E7E492CA-98AB-4451-A4B7-DE16AEF9B759}.Debug|Any CPU.ActiveCfg = Debug|Any CPU
		{E7E492CA-98AB-4451-A4B7-DE16AEF9B759}.Debug|Any CPU.Build.0 = Debug|Any CPU
		{E7E492CA-98AB-4451-A4B7-DE16AEF9B759}.Release|Any CPU.ActiveCfg = Release|Any CPU
		{E7E492CA-98AB-4451-A4B7-DE16AEF9B759}.Release|Any CPU.Build.0 = Release|Any CPU
		{B104922C-85EA-4B36-98A9-D5D936BB8F2B}.Debug|Any CPU.ActiveCfg = Debug|Any CPU
		{B104922C-85EA-4B36-98A9-D5D936BB8F2B}.Debug|Any CPU.Build.0 = Debug|Any CPU
		{B104922C-85EA-4B36-98A9-D5D936BB8F2B}.Release|Any CPU.ActiveCfg = Release|Any CPU
		{B104922C-85EA-4B36-98A9-D5D936BB8F2B}.Release|Any CPU.Build.0 = Release|Any CPU
	EndGlobalSection
	GlobalSection(SolutionProperties) = preSolution
		HideSolutionNode = FALSE
	EndGlobalSection
	GlobalSection(ExtensibilityGlobals) = postSolution
		SolutionGuid = {18438932-C8EB-4EAB-A75C-1B89A0BF47EE}
	EndGlobalSection
	GlobalSection(NestedProjects) = preSolution
		{97DA58C2-5506-410A-9B80-63F3C2D9EB40} = {348C29A4-D026-4FE1-A15B-149435DB550D}
		{E7E492CA-98AB-4451-A4B7-DE16AEF9B759} = {D306A07D-67E4-428E-B4ED-30122922DAA7}
		{8302B5D5-97C7-4346-8E0C-E39B1D7C559E} = {D306A07D-67E4-428E-B4ED-30122922DAA7}
		{B104922C-85EA-4B36-98A9-D5D936BB8F2B} = {D306A07D-67E4-428E-B4ED-30122922DAA7}
	EndGlobalSection
EndGlobal
